
Microsoft Visual Studio Solution File, Format Version 12.00
Project("{FAE04EC0-301F-11D3-BF4B-00C04F79EFBC}") = "DesignPatterns.App", "DesignPatterns.App\DesignPatterns.App.csproj", "{21FBE4C7-678C-4058-82F0-E72EAD22FF64}"
EndProject
Project("{FAE04EC0-301F-11D3-BF4B-00C04F79EFBC}") = "DesignPatterns.Creational", "DesignPatterns.Creational\DesignPatterns.Creational.csproj", "{C8A97CF9-25D4-4BEA-ABE8-BEE7706BF0C1}"
EndProject
Project("{FAE04EC0-301F-11D3-BF4B-00C04F79EFBC}") = "DesignPatterns.Structural", "DesignPatterns.Structural\DesignPatterns.Structural.csproj", "{B45094EA-3A72-48E7-8D84-A7EE2015FB8D}"
EndProject
Project("{FAE04EC0-301F-11D3-BF4B-00C04F79EFBC}") = "DesignPatterns.Behavioral", "DesignPatterns.Behavioral\DesignPatterns.Behavioral.csproj", "{029F9496-41BB-4E30-B662-44A9F3CDD509}"
EndProject
Global
	GlobalSection(SolutionConfigurationPlatforms) = preSolution
		Debug|Any CPU = Debug|Any CPU
		Release|Any CPU = Release|Any CPU
	EndGlobalSection
	GlobalSection(ProjectConfigurationPlatforms) = postSolution
		{21FBE4C7-678C-4058-82F0-E72EAD22FF64}.Debug|Any CPU.ActiveCfg = Debug|Any CPU
		{21FBE4C7-678C-4058-82F0-E72EAD22FF64}.Debug|Any CPU.Build.0 = Debug|Any CPU
		{21FBE4C7-678C-4058-82F0-E72EAD22FF64}.Release|Any CPU.ActiveCfg = Release|Any CPU
		{21FBE4C7-678C-4058-82F0-E72EAD22FF64}.Release|Any CPU.Build.0 = Release|Any CPU
		{C8A97CF9-25D4-4BEA-ABE8-BEE7706BF0C1}.Debug|Any CPU.ActiveCfg = Debug|Any CPU
		{C8A97CF9-25D4-4BEA-ABE8-BEE7706BF0C1}.Debug|Any CPU.Build.0 = Debug|Any CPU
		{C8A97CF9-25D4-4BEA-ABE8-BEE7706BF0C1}.Release|Any CPU.ActiveCfg = Release|Any CPU
		{C8A97CF9-25D4-4BEA-ABE8-BEE7706BF0C1}.Release|Any CPU.Build.0 = Release|Any CPU
		{B45094EA-3A72-48E7-8D84-A7EE2015FB8D}.Debug|Any CPU.ActiveCfg = Debug|Any CPU
		{B45094EA-3A72-48E7-8D84-A7EE2015FB8D}.Debug|Any CPU.Build.0 = Debug|Any CPU
		{B45094EA-3A72-48E7-8D84-A7EE2015FB8D}.Release|Any CPU.ActiveCfg = Release|Any CPU
		{B45094EA-3A72-48E7-8D84-A7EE2015FB8D}.Release|Any CPU.Build.0 = Release|Any CPU
		{029F9496-41BB-4E30-B662-44A9F3CDD509}.Debug|Any CPU.ActiveCfg = Debug|Any CPU
		{029F9496-41BB-4E30-B662-44A9F3CDD509}.Debug|Any CPU.Build.0 = Debug|Any CPU
		{029F9496-41BB-4E30-B662-44A9F3CDD509}.Release|Any CPU.ActiveCfg = Release|Any CPU
		{029F9496-41BB-4E30-B662-44A9F3CDD509}.Release|Any CPU.Build.0 = Release|Any CPU
	EndGlobalSection
EndGlobal
